// !$*UTF8*$!
{
	archiveVersion = 1;
	classes = {
	};
	objectVersion = 50;
	objects = {

/* Begin PBXBuildFile section */
		1B4A34AF6B225F012A9D077E /* libPods-CYNetWork.a in Frameworks */ = {isa = PBXBuildFile; fileRef = A6F41A3D06EFEA5D434C2FB1 /* libPods-CYNetWork.a */; };
		2D2CA80C20EDBAFF00D4FF4D /* CYAppDelegate.m in Sources */ = {isa = PBXBuildFile; fileRef = 2D2CA80B20EDBAFF00D4FF4D /* CYAppDelegate.m */; };
		2D2CA80F20EDBAFF00D4FF4D /* CYViewController.m in Sources */ = {isa = PBXBuildFile; fileRef = 2D2CA80E20EDBAFF00D4FF4D /* CYViewController.m */; };
		2D2CA81220EDBAFF00D4FF4D /* Main.storyboard in Resources */ = {isa = PBXBuildFile; fileRef = 2D2CA81020EDBAFF00D4FF4D /* Main.storyboard */; };
		2D2CA81420EDBAFF00D4FF4D /* Assets.xcassets in Resources */ = {isa = PBXBuildFile; fileRef = 2D2CA81320EDBAFF00D4FF4D /* Assets.xcassets */; };
		2D2CA81720EDBAFF00D4FF4D /* LaunchScreen.storyboard in Resources */ = {isa = PBXBuildFile; fileRef = 2D2CA81520EDBAFF00D4FF4D /* LaunchScreen.storyboard */; };
		2D2CA81A20EDBAFF00D4FF4D /* main.m in Sources */ = {isa = PBXBuildFile; fileRef = 2D2CA81920EDBAFF00D4FF4D /* main.m */; };
		2D2CA82420EDBAFF00D4FF4D /* CYNetWorkTests.m in Sources */ = {isa = PBXBuildFile; fileRef = 2D2CA82320EDBAFF00D4FF4D /* CYNetWorkTests.m */; };
		2D2CA82F20EDBAFF00D4FF4D /* CYNetWorkUITests.m in Sources */ = {isa = PBXBuildFile; fileRef = 2D2CA82E20EDBAFF00D4FF4D /* CYNetWorkUITests.m */; };
		2D3AA18B20FDDAB4002EFAFF /* DataTurn.m in Sources */ = {isa = PBXBuildFile; fileRef = 2D3AA17E20FDDAB3002EFAFF /* DataTurn.m */; };
		2D3AA18C20FDDAB4002EFAFF /* NetTask.m in Sources */ = {isa = PBXBuildFile; fileRef = 2D3AA17F20FDDAB3002EFAFF /* NetTask.m */; };
		2D3AA18D20FDDAB4002EFAFF /* NetHelper.m in Sources */ = {isa = PBXBuildFile; fileRef = 2D3AA18220FDDAB3002EFAFF /* NetHelper.m */; };
		2D3AA18E20FDDAB4002EFAFF /* NetResponse.m in Sources */ = {isa = PBXBuildFile; fileRef = 2D3AA18420FDDAB3002EFAFF /* NetResponse.m */; };
		2D3AA18F20FDDAB4002EFAFF /* NetWorkManager.m in Sources */ = {isa = PBXBuildFile; fileRef = 2D3AA18920FDDAB3002EFAFF /* NetWorkManager.m */; };
		2D3AA19020FDDAB4002EFAFF /* NetRequest.m in Sources */ = {isa = PBXBuildFile; fileRef = 2D3AA18A20FDDAB3002EFAFF /* NetRequest.m */; };
/* End PBXBuildFile section */

/* Begin PBXContainerItemProxy section */
		2D2CA82020EDBAFF00D4FF4D /* PBXContainerItemProxy */ = {
			isa = PBXContainerItemProxy;
			containerPortal = 2D2CA7FF20EDBAFE00D4FF4D /* Project object */;
			proxyType = 1;
			remoteGlobalIDString = 2D2CA80620EDBAFE00D4FF4D;
			remoteInfo = CYNetWork;
		};
		2D2CA82B20EDBAFF00D4FF4D /* PBXContainerItemProxy */ = {
			isa = PBXContainerItemProxy;
			containerPortal = 2D2CA7FF20EDBAFE00D4FF4D /* Project object */;
			proxyType = 1;
			remoteGlobalIDString = 2D2CA80620EDBAFE00D4FF4D;
			remoteInfo = CYNetWork;
		};
/* End PBXContainerItemProxy section */

/* Begin PBXFileReference section */
		2D2CA80720EDBAFE00D4FF4D /* CYNetWork.app */ = {isa = PBXFileReference; explicitFileType = wrapper.application; includeInIndex = 0; path = CYNetWork.app; sourceTree = BUILT_PRODUCTS_DIR; };
		2D2CA80A20EDBAFF00D4FF4D /* CYAppDelegate.h */ = {isa = PBXFileReference; lastKnownFileType = sourcecode.c.h; path = CYAppDelegate.h; sourceTree = "<group>"; };
		2D2CA80B20EDBAFF00D4FF4D /* CYAppDelegate.m */ = {isa = PBXFileReference; lastKnownFileType = sourcecode.c.objc; path = CYAppDelegate.m; sourceTree = "<group>"; };
		2D2CA80D20EDBAFF00D4FF4D /* CYViewController.h */ = {isa = PBXFileReference; lastKnownFileType = sourcecode.c.h; path = CYViewController.h; sourceTree = "<group>"; };
		2D2CA80E20EDBAFF00D4FF4D /* CYViewController.m */ = {isa = PBXFileReference; lastKnownFileType = sourcecode.c.objc; path = CYViewController.m; sourceTree = "<group>"; };
		2D2CA81120EDBAFF00D4FF4D /* Base */ = {isa = PBXFileReference; lastKnownFileType = file.storyboard; name = Base; path = Base.lproj/Main.storyboard; sourceTree = "<group>"; };
		2D2CA81320EDBAFF00D4FF4D /* Assets.xcassets */ = {isa = PBXFileReference; lastKnownFileType = folder.assetcatalog; path = Assets.xcassets; sourceTree = "<group>"; };
		2D2CA81620EDBAFF00D4FF4D /* Base */ = {isa = PBXFileReference; lastKnownFileType = file.storyboard; name = Base; path = Base.lproj/LaunchScreen.storyboard; sourceTree = "<group>"; };
		2D2CA81820EDBAFF00D4FF4D /* Info.plist */ = {isa = PBXFileReference; lastKnownFileType = text.plist.xml; path = Info.plist; sourceTree = "<group>"; };
		2D2CA81920EDBAFF00D4FF4D /* main.m */ = {isa = PBXFileReference; lastKnownFileType = sourcecode.c.objc; path = main.m; sourceTree = "<group>"; };
		2D2CA81F20EDBAFF00D4FF4D /* CYNetWorkTests.xctest */ = {isa = PBXFileReference; explicitFileType = wrapper.cfbundle; includeInIndex = 0; path = CYNetWorkTests.xctest; sourceTree = BUILT_PRODUCTS_DIR; };
		2D2CA82320EDBAFF00D4FF4D /* CYNetWorkTests.m */ = {isa = PBXFileReference; lastKnownFileType = sourcecode.c.objc; path = CYNetWorkTests.m; sourceTree = "<group>"; };
		2D2CA82520EDBAFF00D4FF4D /* Info.plist */ = {isa = PBXFileReference; lastKnownFileType = text.plist.xml; path = Info.plist; sourceTree = "<group>"; };
		2D2CA82A20EDBAFF00D4FF4D /* CYNetWorkUITests.xctest */ = {isa = PBXFileReference; explicitFileType = wrapper.cfbundle; includeInIndex = 0; path = CYNetWorkUITests.xctest; sourceTree = BUILT_PRODUCTS_DIR; };
		2D2CA82E20EDBAFF00D4FF4D /* CYNetWorkUITests.m */ = {isa = PBXFileReference; lastKnownFileType = sourcecode.c.objc; path = CYNetWorkUITests.m; sourceTree = "<group>"; };
		2D2CA83020EDBAFF00D4FF4D /* Info.plist */ = {isa = PBXFileReference; lastKnownFileType = text.plist.xml; path = Info.plist; sourceTree = "<group>"; };
		2D3AA17E20FDDAB3002EFAFF /* DataTurn.m */ = {isa = PBXFileReference; fileEncoding = 4; lastKnownFileType = sourcecode.c.objc; path = DataTurn.m; sourceTree = "<group>"; };
		2D3AA17F20FDDAB3002EFAFF /* NetTask.m */ = {isa = PBXFileReference; fileEncoding = 4; lastKnownFileType = sourcecode.c.objc; path = NetTask.m; sourceTree = "<group>"; };
		2D3AA18020FDDAB3002EFAFF /* NetResponse.h */ = {isa = PBXFileReference; fileEncoding = 4; lastKnownFileType = sourcecode.c.h; path = NetResponse.h; sourceTree = "<group>"; };
		2D3AA18120FDDAB3002EFAFF /* NetWorkManager.h */ = {isa = PBXFileReference; fileEncoding = 4; lastKnownFileType = sourcecode.c.h; path = NetWorkManager.h; sourceTree = "<group>"; };
		2D3AA18220FDDAB3002EFAFF /* NetHelper.m */ = {isa = PBXFileReference; fileEncoding = 4; lastKnownFileType = sourcecode.c.objc; path = NetHelper.m; sourceTree = "<group>"; };
		2D3AA18320FDDAB3002EFAFF /* NetRequest.h */ = {isa = PBXFileReference; fileEncoding = 4; lastKnownFileType = sourcecode.c.h; path = NetRequest.h; sourceTree = "<group>"; };
		2D3AA18420FDDAB3002EFAFF /* NetResponse.m */ = {isa = PBXFileReference; fileEncoding = 4; lastKnownFileType = sourcecode.c.objc; path = NetResponse.m; sourceTree = "<group>"; };
		2D3AA18520FDDAB3002EFAFF /* NetTask.h */ = {isa = PBXFileReference; fileEncoding = 4; lastKnownFileType = sourcecode.c.h; path = NetTask.h; sourceTree = "<group>"; };
		2D3AA18620FDDAB3002EFAFF /* DataTurn.h */ = {isa = PBXFileReference; fileEncoding = 4; lastKnownFileType = sourcecode.c.h; path = DataTurn.h; sourceTree = "<group>"; };
		2D3AA18720FDDAB3002EFAFF /* NetHelper.h */ = {isa = PBXFileReference; fileEncoding = 4; lastKnownFileType = sourcecode.c.h; path = NetHelper.h; sourceTree = "<group>"; };
		2D3AA18820FDDAB3002EFAFF /* PrefixHeader.pch */ = {isa = PBXFileReference; fileEncoding = 4; lastKnownFileType = sourcecode.c.h; path = PrefixHeader.pch; sourceTree = "<group>"; };
		2D3AA18920FDDAB3002EFAFF /* NetWorkManager.m */ = {isa = PBXFileReference; fileEncoding = 4; lastKnownFileType = sourcecode.c.objc; path = NetWorkManager.m; sourceTree = "<group>"; };
		2D3AA18A20FDDAB3002EFAFF /* NetRequest.m */ = {isa = PBXFileReference; fileEncoding = 4; lastKnownFileType = sourcecode.c.objc; path = NetRequest.m; sourceTree = "<group>"; };
		A12568A24AACB44A0ED8D1E8 /* Pods-CYNetWork.release.xcconfig */ = {isa = PBXFileReference; includeInIndex = 1; lastKnownFileType = text.xcconfig; name = "Pods-CYNetWork.release.xcconfig"; path = "Pods/Target Support Files/Pods-CYNetWork/Pods-CYNetWork.release.xcconfig"; sourceTree = "<group>"; };
		A6F41A3D06EFEA5D434C2FB1 /* libPods-CYNetWork.a */ = {isa = PBXFileReference; explicitFileType = archive.ar; includeInIndex = 0; path = "libPods-CYNetWork.a"; sourceTree = BUILT_PRODUCTS_DIR; };
		FB73C762447BD0986617937B /* Pods-CYNetWork.debug.xcconfig */ = {isa = PBXFileReference; includeInIndex = 1; lastKnownFileType = text.xcconfig; name = "Pods-CYNetWork.debug.xcconfig"; path = "Pods/Target Support Files/Pods-CYNetWork/Pods-CYNetWork.debug.xcconfig"; sourceTree = "<group>"; };
/* End PBXFileReference section */

/* Begin PBXFrameworksBuildPhase section */
		2D2CA80420EDBAFE00D4FF4D /* Frameworks */ = {
			isa = PBXFrameworksBuildPhase;
			buildActionMask = 2147483647;
			files = (
				1B4A34AF6B225F012A9D077E /* libPods-CYNetWork.a in Frameworks */,
			);
			runOnlyForDeploymentPostprocessing = 0;
		};
		2D2CA81C20EDBAFF00D4FF4D /* Frameworks */ = {
			isa = PBXFrameworksBuildPhase;
			buildActionMask = 2147483647;
			files = (
			);
			runOnlyForDeploymentPostprocessing = 0;
		};
		2D2CA82720EDBAFF00D4FF4D /* Frameworks */ = {
			isa = PBXFrameworksBuildPhase;
			buildActionMask = 2147483647;
			files = (
			);
			runOnlyForDeploymentPostprocessing = 0;
		};
/* End PBXFrameworksBuildPhase section */

/* Begin PBXGroup section */
		156ADEDD42056F02C0BF4CD2 /* Frameworks */ = {
			isa = PBXGroup;
			children = (
				A6F41A3D06EFEA5D434C2FB1 /* libPods-CYNetWork.a */,
			);
			name = Frameworks;
			sourceTree = "<group>";
		};
		2D2CA7FE20EDBAFE00D4FF4D = {
			isa = PBXGroup;
			children = (
				2D2CA80920EDBAFE00D4FF4D /* CYNetWork */,
				2D2CA82220EDBAFF00D4FF4D /* CYNetWorkTests */,
				2D2CA82D20EDBAFF00D4FF4D /* CYNetWorkUITests */,
				2D2CA80820EDBAFE00D4FF4D /* Products */,
				C6A10DBA3BC13D78FB585063 /* Pods */,
				156ADEDD42056F02C0BF4CD2 /* Frameworks */,
			);
			sourceTree = "<group>";
		};
		2D2CA80820EDBAFE00D4FF4D /* Products */ = {
			isa = PBXGroup;
			children = (
				2D2CA80720EDBAFE00D4FF4D /* CYNetWork.app */,
				2D2CA81F20EDBAFF00D4FF4D /* CYNetWorkTests.xctest */,
				2D2CA82A20EDBAFF00D4FF4D /* CYNetWorkUITests.xctest */,
			);
			name = Products;
			sourceTree = "<group>";
		};
		2D2CA80920EDBAFE00D4FF4D /* CYNetWork */ = {
			isa = PBXGroup;
			children = (
				2D3AA17D20FDDAB3002EFAFF /* CYNet */,
				2D2CA80A20EDBAFF00D4FF4D /* CYAppDelegate.h */,
				2D2CA80B20EDBAFF00D4FF4D /* CYAppDelegate.m */,
				2D2CA80D20EDBAFF00D4FF4D /* CYViewController.h */,
				2D2CA80E20EDBAFF00D4FF4D /* CYViewController.m */,
				2D2CA81020EDBAFF00D4FF4D /* Main.storyboard */,
				2D2CA81320EDBAFF00D4FF4D /* Assets.xcassets */,
				2D2CA81520EDBAFF00D4FF4D /* LaunchScreen.storyboard */,
				2D2CA81820EDBAFF00D4FF4D /* Info.plist */,
				2D2CA81920EDBAFF00D4FF4D /* main.m */,
			);
			path = CYNetWork;
			sourceTree = "<group>";
		};
		2D2CA82220EDBAFF00D4FF4D /* CYNetWorkTests */ = {
			isa = PBXGroup;
			children = (
				2D2CA82320EDBAFF00D4FF4D /* CYNetWorkTests.m */,
				2D2CA82520EDBAFF00D4FF4D /* Info.plist */,
			);
			path = CYNetWorkTests;
			sourceTree = "<group>";
		};
		2D2CA82D20EDBAFF00D4FF4D /* CYNetWorkUITests */ = {
			isa = PBXGroup;
			children = (
				2D2CA82E20EDBAFF00D4FF4D /* CYNetWorkUITests.m */,
				2D2CA83020EDBAFF00D4FF4D /* Info.plist */,
			);
			path = CYNetWorkUITests;
			sourceTree = "<group>";
		};
		2D3AA17D20FDDAB3002EFAFF /* CYNet */ = {
			isa = PBXGroup;
			children = (
				2D3AA17E20FDDAB3002EFAFF /* DataTurn.m */,
				2D3AA17F20FDDAB3002EFAFF /* NetTask.m */,
				2D3AA18020FDDAB3002EFAFF /* NetResponse.h */,
				2D3AA18120FDDAB3002EFAFF /* NetWorkManager.h */,
				2D3AA18220FDDAB3002EFAFF /* NetHelper.m */,
				2D3AA18320FDDAB3002EFAFF /* NetRequest.h */,
				2D3AA18420FDDAB3002EFAFF /* NetResponse.m */,
				2D3AA18520FDDAB3002EFAFF /* NetTask.h */,
				2D3AA18620FDDAB3002EFAFF /* DataTurn.h */,
				2D3AA18720FDDAB3002EFAFF /* NetHelper.h */,
				2D3AA18820FDDAB3002EFAFF /* PrefixHeader.pch */,
				2D3AA18920FDDAB3002EFAFF /* NetWorkManager.m */,
				2D3AA18A20FDDAB3002EFAFF /* NetRequest.m */,
			);
			path = CYNet;
			sourceTree = "<group>";
		};
		C6A10DBA3BC13D78FB585063 /* Pods */ = {
			isa = PBXGroup;
			children = (
				FB73C762447BD0986617937B /* Pods-CYNetWork.debug.xcconfig */,
				A12568A24AACB44A0ED8D1E8 /* Pods-CYNetWork.release.xcconfig */,
			);
			name = Pods;
			sourceTree = "<group>";
		};
/* End PBXGroup section */

/* Begin PBXNativeTarget section */
		2D2CA80620EDBAFE00D4FF4D /* CYNetWork */ = {
			isa = PBXNativeTarget;
			buildConfigurationList = 2D2CA83320EDBAFF00D4FF4D /* Build configuration list for PBXNativeTarget "CYNetWork" */;
			buildPhases = (
				C9596E391AFE64B48FE9635B /* [CP] Check Pods Manifest.lock */,
				2D2CA80320EDBAFE00D4FF4D /* Sources */,
				2D2CA80420EDBAFE00D4FF4D /* Frameworks */,
				2D2CA80520EDBAFE00D4FF4D /* Resources */,
			);
			buildRules = (
			);
			dependencies = (
			);
			name = CYNetWork;
			productName = CYNetWork;
			productReference = 2D2CA80720EDBAFE00D4FF4D /* CYNetWork.app */;
			productType = "com.apple.product-type.application";
		};
		2D2CA81E20EDBAFF00D4FF4D /* CYNetWorkTests */ = {
			isa = PBXNativeTarget;
			buildConfigurationList = 2D2CA83620EDBAFF00D4FF4D /* Build configuration list for PBXNativeTarget "CYNetWorkTests" */;
			buildPhases = (
				2D2CA81B20EDBAFF00D4FF4D /* Sources */,
				2D2CA81C20EDBAFF00D4FF4D /* Frameworks */,
				2D2CA81D20EDBAFF00D4FF4D /* Resources */,
			);
			buildRules = (
			);
			dependencies = (
				2D2CA82120EDBAFF00D4FF4D /* PBXTargetDependency */,
			);
			name = CYNetWorkTests;
			productName = CYNetWorkTests;
			productReference = 2D2CA81F20EDBAFF00D4FF4D /* CYNetWorkTests.xctest */;
			productType = "com.apple.product-type.bundle.unit-test";
		};
		2D2CA82920EDBAFF00D4FF4D /* CYNetWorkUITests */ = {
			isa = PBXNativeTarget;
			buildConfigurationList = 2D2CA83920EDBAFF00D4FF4D /* Build configuration list for PBXNativeTarget "CYNetWorkUITests" */;
			buildPhases = (
				2D2CA82620EDBAFF00D4FF4D /* Sources */,
				2D2CA82720EDBAFF00D4FF4D /* Frameworks */,
				2D2CA82820EDBAFF00D4FF4D /* Resources */,
			);
			buildRules = (
			);
			dependencies = (
				2D2CA82C20EDBAFF00D4FF4D /* PBXTargetDependency */,
			);
			name = CYNetWorkUITests;
			productName = CYNetWorkUITests;
			productReference = 2D2CA82A20EDBAFF00D4FF4D /* CYNetWorkUITests.xctest */;
			productType = "com.apple.product-type.bundle.ui-testing";
		};
/* End PBXNativeTarget section */

/* Begin PBXProject section */
		2D2CA7FF20EDBAFE00D4FF4D /* Project object */ = {
			isa = PBXProject;
			attributes = {
				LastUpgradeCheck = 0940;
				ORGANIZATIONNAME = "高程宜";
				TargetAttributes = {
					2D2CA80620EDBAFE00D4FF4D = {
						CreatedOnToolsVersion = 9.4;
					};
					2D2CA81E20EDBAFF00D4FF4D = {
						CreatedOnToolsVersion = 9.4;
						TestTargetID = 2D2CA80620EDBAFE00D4FF4D;
					};
					2D2CA82920EDBAFF00D4FF4D = {
						CreatedOnToolsVersion = 9.4;
						TestTargetID = 2D2CA80620EDBAFE00D4FF4D;
					};
				};
			};
			buildConfigurationList = 2D2CA80220EDBAFE00D4FF4D /* Build configuration list for PBXProject "CYNetWork" */;
			compatibilityVersion = "Xcode 9.3";
			developmentRegion = en;
			hasScannedForEncodings = 0;
			knownRegions = (
				en,
				Base,
			);
			mainGroup = 2D2CA7FE20EDBAFE00D4FF4D;
			productRefGroup = 2D2CA80820EDBAFE00D4FF4D /* Products */;
			projectDirPath = "";
			projectRoot = "";
			targets = (
				2D2CA80620EDBAFE00D4FF4D /* CYNetWork */,
				2D2CA81E20EDBAFF00D4FF4D /* CYNetWorkTests */,
				2D2CA82920EDBAFF00D4FF4D /* CYNetWorkUITests */,
			);
		};
/* End PBXProject section */

/* Begin PBXResourcesBuildPhase section */
		2D2CA80520EDBAFE00D4FF4D /* Resources */ = {
			isa = PBXResourcesBuildPhase;
			buildActionMask = 2147483647;
			files = (
				2D2CA81720EDBAFF00D4FF4D /* LaunchScreen.storyboard in Resources */,
				2D2CA81420EDBAFF00D4FF4D /* Assets.xcassets in Resources */,
				2D2CA81220EDBAFF00D4FF4D /* Main.storyboard in Resources */,
			);
			runOnlyForDeploymentPostprocessing = 0;
		};
		2D2CA81D20EDBAFF00D4FF4D /* Resources */ = {
			isa = PBXResourcesBuildPhase;
			buildActionMask = 2147483647;
			files = (
			);
			runOnlyForDeploymentPostprocessing = 0;
		};
		2D2CA82820EDBAFF00D4FF4D /* Resources */ = {
			isa = PBXResourcesBuildPhase;
			buildActionMask = 2147483647;
			files = (
			);
			runOnlyForDeploymentPostprocessing = 0;
		};
/* End PBXResourcesBuildPhase section */

/* Begin PBXShellScriptBuildPhase section */
		C9596E391AFE64B48FE9635B /* [CP] Check Pods Manifest.lock */ = {
			isa = PBXShellScriptBuildPhase;
			buildActionMask = 2147483647;
			files = (
			);
			inputPaths = (
				"${PODS_PODFILE_DIR_PATH}/Podfile.lock",
				"${PODS_ROOT}/Manifest.lock",
			);
			name = "[CP] Check Pods Manifest.lock";
			outputPaths = (
				"$(DERIVED_FILE_DIR)/Pods-CYNetWork-checkManifestLockResult.txt",
			);
			runOnlyForDeploymentPostprocessing = 0;
			shellPath = /bin/sh;
			shellScript = "diff \"${PODS_PODFILE_DIR_PATH}/Podfile.lock\" \"${PODS_ROOT}/Manifest.lock\" > /dev/null\nif [ $? != 0 ] ; then\n    # print error to STDERR\n    echo \"error: The sandbox is not in sync with the Podfile.lock. Run 'pod install' or update your CocoaPods installation.\" >&2\n    exit 1\nfi\n# This output is used by Xcode 'outputs' to avoid re-running this script phase.\necho \"SUCCESS\" > \"${SCRIPT_OUTPUT_FILE_0}\"\n";
			showEnvVarsInLog = 0;
		};
/* End PBXShellScriptBuildPhase section */

/* Begin PBXSourcesBuildPhase section */
		2D2CA80320EDBAFE00D4FF4D /* Sources */ = {
			isa = PBXSourcesBuildPhase;
			buildActionMask = 2147483647;
			files = (
				2D2CA80F20EDBAFF00D4FF4D /* CYViewController.m in Sources */,
				2D3AA18F20FDDAB4002EFAFF /* NetWorkManager.m in Sources */,
				2D3AA18C20FDDAB4002EFAFF /* NetTask.m in Sources */,
				2D3AA18D20FDDAB4002EFAFF /* NetHelper.m in Sources */,
				2D2CA81A20EDBAFF00D4FF4D /* main.m in Sources */,
				2D3AA18B20FDDAB4002EFAFF /* DataTurn.m in Sources */,
				2D3AA19020FDDAB4002EFAFF /* NetRequest.m in Sources */,
				2D2CA80C20EDBAFF00D4FF4D /* CYAppDelegate.m in Sources */,
				2D3AA18E20FDDAB4002EFAFF /* NetResponse.m in Sources */,
			);
			runOnlyForDeploymentPostprocessing = 0;
		};
		2D2CA81B20EDBAFF00D4FF4D /* Sources */ = {
			isa = PBXSourcesBuildPhase;
			buildActionMask = 2147483647;
			files = (
				2D2CA82420EDBAFF00D4FF4D /* CYNetWorkTests.m in Sources */,
			);
			runOnlyForDeploymentPostprocessing = 0;
		};
		2D2CA82620EDBAFF00D4FF4D /* Sources */ = {
			isa = PBXSourcesBuildPhase;
			buildActionMask = 2147483647;
			files = (
				2D2CA82F20EDBAFF00D4FF4D /* CYNetWorkUITests.m in Sources */,
			);
			runOnlyForDeploymentPostprocessing = 0;
		};
/* End PBXSourcesBuildPhase section */

/* Begin PBXTargetDependency section */
		2D2CA82120EDBAFF00D4FF4D /* PBXTargetDependency */ = {
			isa = PBXTargetDependency;
			target = 2D2CA80620EDBAFE00D4FF4D /* CYNetWork */;
			targetProxy = 2D2CA82020EDBAFF00D4FF4D /* PBXContainerItemProxy */;
		};
		2D2CA82C20EDBAFF00D4FF4D /* PBXTargetDependency */ = {
			isa = PBXTargetDependency;
			target = 2D2CA80620EDBAFE00D4FF4D /* CYNetWork */;
			targetProxy = 2D2CA82B20EDBAFF00D4FF4D /* PBXContainerItemProxy */;
		};
/* End PBXTargetDependency section */

/* Begin PBXVariantGroup section */
		2D2CA81020EDBAFF00D4FF4D /* Main.storyboard */ = {
			isa = PBXVariantGroup;
			children = (
				2D2CA81120EDBAFF00D4FF4D /* Base */,
			);
			name = Main.storyboard;
			sourceTree = "<group>";
		};
		2D2CA81520EDBAFF00D4FF4D /* LaunchScreen.storyboard */ = {
			isa = PBXVariantGroup;
			children = (
				2D2CA81620EDBAFF00D4FF4D /* Base */,
			);
			name = LaunchScreen.storyboard;
			sourceTree = "<group>";
		};
/* End PBXVariantGroup section */

/* Begin XCBuildConfiguration section */
		2D2CA83120EDBAFF00D4FF4D /* Debug */ = {
			isa = XCBuildConfiguration;
			buildSettings = {
				ALWAYS_SEARCH_USER_PATHS = NO;
				CLANG_ANALYZER_NONNULL = YES;
				CLANG_ANALYZER_NUMBER_OBJECT_CONVERSION = YES_AGGRESSIVE;
				CLANG_CXX_LANGUAGE_STANDARD = "gnu++14";
				CLANG_CXX_LIBRARY = "libc++";
				CLANG_ENABLE_MODULES = YES;
				CLANG_ENABLE_OBJC_ARC = YES;
				CLANG_ENABLE_OBJC_WEAK = YES;
				CLANG_WARN_BLOCK_CAPTURE_AUTORELEASING = YES;
				CLANG_WARN_BOOL_CONVERSION = YES;
				CLANG_WARN_COMMA = YES;
				CLANG_WARN_CONSTANT_CONVERSION = YES;
				CLANG_WARN_DEPRECATED_OBJC_IMPLEMENTATIONS = YES;
				CLANG_WARN_DIRECT_OBJC_ISA_USAGE = YES_ERROR;
				CLANG_WARN_DOCUMENTATION_COMMENTS = YES;
				CLANG_WARN_EMPTY_BODY = YES;
				CLANG_WARN_ENUM_CONVERSION = YES;
				CLANG_WARN_INFINITE_RECURSION = YES;
				CLANG_WARN_INT_CONVERSION = YES;
				CLANG_WARN_NON_LITERAL_NULL_CONVERSION = YES;
				CLANG_WARN_OBJC_IMPLICIT_RETAIN_SELF = YES;
				CLANG_WARN_OBJC_LITERAL_CONVERSION = YES;
				CLANG_WARN_OBJC_ROOT_CLASS = YES_ERROR;
				CLANG_WARN_RANGE_LOOP_ANALYSIS = YES;
				CLANG_WARN_STRICT_PROTOTYPES = YES;
				CLANG_WARN_SUSPICIOUS_MOVE = YES;
				CLANG_WARN_UNGUARDED_AVAILABILITY = YES_AGGRESSIVE;
				CLANG_WARN_UNREACHABLE_CODE = YES;
				CLANG_WARN__DUPLICATE_METHOD_MATCH = YES;
				CODE_SIGN_IDENTITY = "iPhone Developer";
				COPY_PHASE_STRIP = NO;
				DEBUG_INFORMATION_FORMAT = dwarf;
				ENABLE_STRICT_OBJC_MSGSEND = YES;
				ENABLE_TESTABILITY = YES;
				GCC_C_LANGUAGE_STANDARD = gnu11;
				GCC_DYNAMIC_NO_PIC = NO;
				GCC_NO_COMMON_BLOCKS = YES;
				GCC_OPTIMIZATION_LEVEL = 0;
				GCC_PREPROCESSOR_DEFINITIONS = (
					"DEBUG=1",
					"$(inherited)",
				);
				GCC_WARN_64_TO_32_BIT_CONVERSION = YES;
				GCC_WARN_ABOUT_RETURN_TYPE = YES_ERROR;
				GCC_WARN_UNDECLARED_SELECTOR = YES;
				GCC_WARN_UNINITIALIZED_AUTOS = YES_AGGRESSIVE;
				GCC_WARN_UNUSED_FUNCTION = YES;
				GCC_WARN_UNUSED_VARIABLE = YES;
				IPHONEOS_DEPLOYMENT_TARGET = 11.4;
				MTL_ENABLE_DEBUG_INFO = YES;
				ONLY_ACTIVE_ARCH = YES;
				SDKROOT = iphoneos;
			};
			name = Debug;
		};
		2D2CA83220EDBAFF00D4FF4D /* Release */ = {
			isa = XCBuildConfiguration;
			buildSettings = {
				ALWAYS_SEARCH_USER_PATHS = NO;
				CLANG_ANALYZER_NONNULL = YES;
				CLANG_ANALYZER_NUMBER_OBJECT_CONVERSION = YES_AGGRESSIVE;
				CLANG_CXX_LANGUAGE_STANDARD = "gnu++14";
				CLANG_CXX_LIBRARY = "libc++";
				CLANG_ENABLE_MODULES = YES;
				CLANG_ENABLE_OBJC_ARC = YES;
				CLANG_ENABLE_OBJC_WEAK = YES;
				CLANG_WARN_BLOCK_CAPTURE_AUTORELEASING = YES;
				CLANG_WARN_BOOL_CONVERSION = YES;
				CLANG_WARN_COMMA = YES;
				CLANG_WARN_CONSTANT_CONVERSION = YES;
				CLANG_WARN_DEPRECATED_OBJC_IMPLEMENTATIONS = YES;
				CLANG_WARN_DIRECT_OBJC_ISA_USAGE = YES_ERROR;
				CLANG_WARN_DOCUMENTATION_COMMENTS = YES;
				CLANG_WARN_EMPTY_BODY = YES;
				CLANG_WARN_ENUM_CONVERSION = YES;
				CLANG_WARN_INFINITE_RECURSION = YES;
				CLANG_WARN_INT_CONVERSION = YES;
				CLANG_WARN_NON_LITERAL_NULL_CONVERSION = YES;
				CLANG_WARN_OBJC_IMPLICIT_RETAIN_SELF = YES;
				CLANG_WARN_OBJC_LITERAL_CONVERSION = YES;
				CLANG_WARN_OBJC_ROOT_CLASS = YES_ERROR;
				CLANG_WARN_RANGE_LOOP_ANALYSIS = YES;
				CLANG_WARN_STRICT_PROTOTYPES = YES;
				CLANG_WARN_SUSPICIOUS_MOVE = YES;
				CLANG_WARN_UNGUARDED_AVAILABILITY = YES_AGGRESSIVE;
				CLANG_WARN_UNREACHABLE_CODE = YES;
				CLANG_WARN__DUPLICATE_METHOD_MATCH = YES;
				CODE_SIGN_IDENTITY = "iPhone Developer";
				COPY_PHASE_STRIP = NO;
				DEBUG_INFORMATION_FORMAT = "dwarf-with-dsym";
				ENABLE_NS_ASSERTIONS = NO;
				ENABLE_STRICT_OBJC_MSGSEND = YES;
				GCC_C_LANGUAGE_STANDARD = gnu11;
				GCC_NO_COMMON_BLOCKS = YES;
				GCC_WARN_64_TO_32_BIT_CONVERSION = YES;
				GCC_WARN_ABOUT_RETURN_TYPE = YES_ERROR;
				GCC_WARN_UNDECLARED_SELECTOR = YES;
				GCC_WARN_UNINITIALIZED_AUTOS = YES_AGGRESSIVE;
				GCC_WARN_UNUSED_FUNCTION = YES;
				GCC_WARN_UNUSED_VARIABLE = YES;
				IPHONEOS_DEPLOYMENT_TARGET = 11.4;
				MTL_ENABLE_DEBUG_INFO = NO;
				SDKROOT = iphoneos;
				VALIDATE_PRODUCT = YES;
			};
			name = Release;
		};
		2D2CA83420EDBAFF00D4FF4D /* Debug */ = {
			isa = XCBuildConfiguration;
			baseConfigurationReference = FB73C762447BD0986617937B /* Pods-CYNetWork.debug.xcconfig */;
			buildSettings = {
				ASSETCATALOG_COMPILER_APPICON_NAME = AppIcon;
				CODE_SIGN_STYLE = Automatic;
				INFOPLIST_FILE = CYNetWork/Info.plist;
				LD_RUNPATH_SEARCH_PATHS = (
					"$(inherited)",
					"@executable_path/Frameworks",
				);
				PRODUCT_BUNDLE_IDENTIFIER = WM.CYNetWork;
				PRODUCT_NAME = "$(TARGET_NAME)";
				TARGETED_DEVICE_FAMILY = "1,2";
			};
			name = Debug;
		};
		2D2CA83520EDBAFF00D4FF4D /* Release */ = {
			isa = XCBuildConfiguration;
			baseConfigurationReference = A12568A24AACB44A0ED8D1E8 /* Pods-CYNetWork.release.xcconfig */;
			buildSettings = {
				ASSETCATALOG_COMPILER_APPICON_NAME = AppIcon;
				CODE_SIGN_STYLE = Automatic;
				INFOPLIST_FILE = CYNetWork/Info.plist;
				LD_RUNPATH_SEARCH_PATHS = (
					"$(inherited)",
					"@executable_path/Frameworks",
				);
				PRODUCT_BUNDLE_IDENTIFIER = WM.CYNetWork;
				PRODUCT_NAME = "$(TARGET_NAME)";
				TARGETED_DEVICE_FAMILY = "1,2";
			};
			name = Release;
		};
		2D2CA83720EDBAFF00D4FF4D /* Debug */ = {
			isa = XCBuildConfiguration;
			buildSettings = {
				BUNDLE_LOADER = "$(TEST_HOST)";
				CODE_SIGN_STYLE = Automatic;
				INFOPLIST_FILE = CYNetWorkTests/Info.plist;
				LD_RUNPATH_SEARCH_PATHS = (
					"$(inherited)",
					"@executable_path/Frameworks",
					"@loader_path/Frameworks",
				);
				PRODUCT_BUNDLE_IDENTIFIER = WM.CYNetWorkTests;
				PRODUCT_NAME = "$(TARGET_NAME)";
				TARGETED_DEVICE_FAMILY = "1,2";
				TEST_HOST = "$(BUILT_PRODUCTS_DIR)/CYNetWork.app/CYNetWork";
			};
			name = Debug;
		};
		2D2CA83820EDBAFF00D4FF4D /* Release */ = {
			isa = XCBuildConfiguration;
			buildSettings = {
				BUNDLE_LOADER = "$(TEST_HOST)";
				CODE_SIGN_STYLE = Automatic;
				INFOPLIST_FILE = CYNetWorkTests/Info.plist;
				LD_RUNPATH_SEARCH_PATHS = (
					"$(inherited)",
					"@executable_path/Frameworks",
					"@loader_path/Frameworks",
				);
				PRODUCT_BUNDLE_IDENTIFIER = WM.CYNetWorkTests;
				PRODUCT_NAME = "$(TARGET_NAME)";
				TARGETED_DEVICE_FAMILY = "1,2";
				TEST_HOST = "$(BUILT_PRODUCTS_DIR)/CYNetWork.app/CYNetWork";
			};
			name = Release;
		};
		2D2CA83A20EDBAFF00D4FF4D /* Debug */ = {
			isa = XCBuildConfiguration;
			buildSettings = {
				CODE_SIGN_STYLE = Automatic;
				INFOPLIST_FILE = CYNetWorkUITests/Info.plist;
				LD_RUNPATH_SEARCH_PATHS = (
					"$(inherited)",
					"@executable_path/Frameworks",
					"@loader_path/Frameworks",
				);
				PRODUCT_BUNDLE_IDENTIFIER = WM.CYNetWorkUITests;
				PRODUCT_NAME = "$(TARGET_NAME)";
				TARGETED_DEVICE_FAMILY = "1,2";
				TEST_TARGET_NAME = CYNetWork;
			};
			name = Debug;
		};
		2D2CA83B20EDBAFF00D4FF4D /* Release */ = {
			isa = XCBuildConfiguration;
			buildSettings = {
				CODE_SIGN_STYLE = Automatic;
				INFOPLIST_FILE = CYNetWorkUITests/Info.plist;
				LD_RUNPATH_SEARCH_PATHS = (
					"$(inherited)",
					"@executable_path/Frameworks",
					"@loader_path/Frameworks",
				);
				PRODUCT_BUNDLE_IDENTIFIER = WM.CYNetWorkUITests;
				PRODUCT_NAME = "$(TARGET_NAME)";
				TARGETED_DEVICE_FAMILY = "1,2";
				TEST_TARGET_NAME = CYNetWork;
			};
			name = Release;
		};
/* End XCBuildConfiguration section */

/* Begin XCConfigurationList section */
		2D2CA80220EDBAFE00D4FF4D /* Build configuration list for PBXProject "CYNetWork" */ = {
			isa = XCConfigurationList;
			buildConfigurations = (
				2D2CA83120EDBAFF00D4FF4D /* Debug */,
				2D2CA83220EDBAFF00D4FF4D /* Release */,
			);
			defaultConfigurationIsVisible = 0;
			defaultConfigurationName = Release;
		};
		2D2CA83320EDBAFF00D4FF4D /* Build configuration list for PBXNativeTarget "CYNetWork" */ = {
			isa = XCConfigurationList;
			buildConfigurations = (
				2D2CA83420EDBAFF00D4FF4D /* Debug */,
				2D2CA83520EDBAFF00D4FF4D /* Release */,
			);
			defaultConfigurationIsVisible = 0;
			defaultConfigurationName = Release;
		};
		2D2CA83620EDBAFF00D4FF4D /* Build configuration list for PBXNativeTarget "CYNetWorkTests" */ = {
			isa = XCConfigurationList;
			buildConfigurations = (
				2D2CA83720EDBAFF00D4FF4D /* Debug */,
				2D2CA83820EDBAFF00D4FF4D /* Release */,
			);
			defaultConfigurationIsVisible = 0;
			defaultConfigurationName = Release;
		};
		2D2CA83920EDBAFF00D4FF4D /* Build configuration list for PBXNativeTarget "CYNetWorkUITests" */ = {
			isa = XCConfigurationList;
			buildConfigurations = (
				2D2CA83A20EDBAFF00D4FF4D /* Debug */,
				2D2CA83B20EDBAFF00D4FF4D /* Release */,
			);
			defaultConfigurationIsVisible = 0;
			defaultConfigurationName = Release;
		};
/* End XCConfigurationList section */
	};
	rootObject = 2D2CA7FF20EDBAFE00D4FF4D /* Project object */;
}
